<?xml version="1.0" encoding="utf-8"?>
<Project ToolsVersion="4.0" xmlns="http://schemas.microsoft.com/developer/msbuild/2003">
  <ItemGroup>
    <Filter Include="Source Files">
      <UniqueIdentifier>{4FC737F1-C7A5-4376-A066-2A32D752A2FF}</UniqueIdentifier>
      <Extensions>cpp;c;cc;cxx;c++;cppm;ixx;def;odl;idl;hpj;bat;asm;asmx</Extensions>
    </Filter>
    <Filter Include="Header Files">
      <UniqueIdentifier>{93995380-89BD-4b04-88EB-625FBE52EBFB}</UniqueIdentifier>
      <Extensions>h;hh;hpp;hxx;h++;hm;inl;inc;ipp;xsd</Extensions>
    </Filter>
    <Filter Include="Resource Files">
      <UniqueIdentifier>{67DA6AB6-F800-4c08-8B7A-83BB121AAD01}</UniqueIdentifier>
      <Extensions>rc;ico;cur;bmp;dlg;rc2;rct;bin;rgs;gif;jpg;jpeg;jpe;resx;tiff;tif;png;wav;mfcribbon-ms</Extensions>
    </Filter>
    <Filter Include="Shaders">
      <UniqueIdentifier>{4ec19176-b5fd-4a13-9ee3-dba6188e52fb}</UniqueIdentifier>
    </Filter>
    <Filter Include="Shaders\spv">
      <UniqueIdentifier>{9020acf8-9d57-4b12-a953-43d572751f55}</UniqueIdentifier>
    </Filter>
  </ItemGroup>
  <ItemGroup>
    <ClInclude Include="src\VkRenderSystem.h">
      <Filter>Header Files</Filter>
    </ClInclude>
    <ClInclude Include="src\RStypes.h">
      <Filter>Header Files</Filter>
    </ClInclude>
    <ClInclude Include="src\RSdataTypes.h">
      <Filter>Header Files</Filter>
    </ClInclude>
    <ClInclude Include="src\MakeID.h">
      <Filter>Header Files</Filter>
    </ClInclude>
    <ClInclude Include="src\VkRSdataTypes.h">
      <Filter>Header Files</Filter>
    </ClInclude>
    <ClInclude Include="src\RSVkDebugUtils.h">
      <Filter>Header Files</Filter>
    </ClInclude>
    <ClInclude Include="src\VkSampleMain0.h">
      <Filter>Header Files</Filter>
    </ClInclude>
    <ClInclude Include="src\VkSampleMain1.h">
      <Filter>Header Files</Filter>
    </ClInclude>
    <ClInclude Include="src\VkRenderSystemEntry.h">
      <Filter>Header Files</Filter>
    </ClInclude>
    <ClInclude Include="src\GeometryData.h">
      <Filter>Header Files</Filter>
    </ClInclude>
  </ItemGroup>
  <ItemGroup>
    <ClCompile Include="src\main.cpp">
      <Filter>Source Files</Filter>
    </ClCompile>
    <ClCompile Include="src\VkRendersystem.cpp">
      <Filter>Source Files</Filter>
    </ClCompile>
    <ClCompile Include="src\RSdataTypes.cpp">
      <Filter>Source Files</Filter>
    </ClCompile>
    <ClCompile Include="src\VkSampleMain1.cpp">
      <Filter>Source Files</Filter>
    </ClCompile>
    <ClCompile Include="src\VkSampleMain0.cpp">
      <Filter>Source Files</Filter>
    </ClCompile>
    <ClCompile Include="src\VkRenderSystemEntry.cpp">
      <Filter>Source Files</Filter>
    </ClCompile>
  </ItemGroup>
  <ItemGroup>
    <None Include="src\shaders\sampleshader.vert">
      <Filter>Shaders</Filter>
    </None>
    <None Include="src\shaders\sampleshader.frag">
      <Filter>Shaders</Filter>
    </None>
    <None Include="src\shaders\spv\sampleshaderFrag.spv">
      <Filter>Shaders\spv</Filter>
    </None>
    <None Include="src\shaders\spv\sampleshaderVert.spv">
      <Filter>Shaders\spv</Filter>
    </None>
    <None Include="src\shaders\compile.bat">
      <Filter>Shaders</Filter>
    </None>
  </ItemGroup>
</Project>