<?xml version="1.0" encoding="utf-8"?>
<Project ToolsVersion="4.0" xmlns="http://schemas.microsoft.com/developer/msbuild/2003">
  <ItemGroup>
    <Filter Include="Source Files">
      <UniqueIdentifier>{4FC737F1-C7A5-4376-A066-2A32D752A2FF}</UniqueIdentifier>
      <Extensions>cpp;c;cc;cxx;c++;cppm;ixx;def;odl;idl;hpj;bat;asm;asmx</Extensions>
    </Filter>
    <Filter Include="Header Files">
      <UniqueIdentifier>{93995380-89BD-4b04-88EB-625FBE52EBFB}</UniqueIdentifier>
      <Extensions>h;hh;hpp;hxx;h++;hm;inl;inc;ipp;xsd</Extensions>
    </Filter>
    <Filter Include="Resource Files">
      <UniqueIdentifier>{67DA6AB6-F800-4c08-8B7A-83BB121AAD01}</UniqueIdentifier>
      <Extensions>rc;ico;cur;bmp;dlg;rc2;rct;bin;rgs;gif;jpg;jpeg;jpe;resx;tiff;tif;png;wav;mfcribbon-ms</Extensions>
    </Filter>
    <Filter Include="Shaders">
      <UniqueIdentifier>{4ec19176-b5fd-4a13-9ee3-dba6188e52fb}</UniqueIdentifier>
    </Filter>
    <Filter Include="textures">
      <UniqueIdentifier>{4811bd2c-5740-4c07-97e5-1ea3526ef8d8}</UniqueIdentifier>
    </Filter>
    <Filter Include="Scripts">
      <UniqueIdentifier>{e0ce16a9-09cb-49a6-b95a-5cd0d4fb41cf}</UniqueIdentifier>
    </Filter>
  </ItemGroup>
  <ItemGroup>
    <None Include="..\src\scripts\deploy.py">
      <Filter>Scripts</Filter>
    </None>
    <None Include="..\src\shaders\passthrough.frag">
      <Filter>Shaders</Filter>
    </None>
    <None Include="..\src\shaders\passthrough.vert">
      <Filter>Shaders</Filter>
    </None>
    <None Include="..\src\shaders\sampleshader.frag">
      <Filter>Shaders</Filter>
    </None>
    <None Include="..\src\shaders\sampleshader.vert">
      <Filter>Shaders</Filter>
    </None>
    <None Include="..\src\shaders\textured.frag">
      <Filter>Shaders</Filter>
    </None>
    <None Include="..\src\shaders\textured.vert">
      <Filter>Shaders</Filter>
    </None>
    <None Include="..\..\ToDoList.md" />
  </ItemGroup>
  <ItemGroup>
    <ClInclude Include="..\src\DrawCommand.h">
      <Filter>Header Files</Filter>
    </ClInclude>
    <ClInclude Include="..\src\MakeID.h">
      <Filter>Header Files</Filter>
    </ClInclude>
    <ClInclude Include="..\src\RSdataTypes.h">
      <Filter>Header Files</Filter>
    </ClInclude>
    <ClInclude Include="..\src\rsenums.h">
      <Filter>Header Files</Filter>
    </ClInclude>
    <ClInclude Include="..\src\rsexporter.h">
      <Filter>Header Files</Filter>
    </ClInclude>
    <ClInclude Include="..\src\rsids.h">
      <Filter>Header Files</Filter>
    </ClInclude>
    <ClInclude Include="..\src\RStypes.h">
      <Filter>Header Files</Filter>
    </ClInclude>
    <ClInclude Include="..\src\RSVkDebugUtils.h">
      <Filter>Header Files</Filter>
    </ClInclude>
    <ClInclude Include="..\src\TextureLoader.h">
      <Filter>Header Files</Filter>
    </ClInclude>
    <ClInclude Include="..\src\VertexData.h">
      <Filter>Header Files</Filter>
    </ClInclude>
    <ClInclude Include="..\src\VkRenderSystem.h">
      <Filter>Header Files</Filter>
    </ClInclude>
    <ClInclude Include="..\src\VkRSdataTypes.h">
      <Filter>Header Files</Filter>
    </ClInclude>
    <ClInclude Include="..\src\VkRSbuffer.h">
      <Filter>Header Files</Filter>
    </ClInclude>
  </ItemGroup>
  <ItemGroup>
    <ClCompile Include="..\src\RSdataTypes.cpp">
      <Filter>Source Files</Filter>
    </ClCompile>
    <ClCompile Include="..\src\stb_image.cpp">
      <Filter>Source Files</Filter>
    </ClCompile>
    <ClCompile Include="..\src\TextureLoader.cpp">
      <Filter>Source Files</Filter>
    </ClCompile>
    <ClCompile Include="..\src\VkRendersystem.cpp">
      <Filter>Source Files</Filter>
    </ClCompile>
    <ClCompile Include="..\src\VkRSdataTypes.cpp">
      <Filter>Source Files</Filter>
    </ClCompile>
    <ClCompile Include="..\src\VkRSbuffer.cpp">
      <Filter>Source Files</Filter>
    </ClCompile>
  </ItemGroup>
  <ItemGroup>
    <Image Include="..\src\textures\texture.jpg">
      <Filter>textures</Filter>
    </Image>
  </ItemGroup>
</Project>